{
  "name": "tinynow",
  "lockfileVersion": 3,
  "requires": true,
  "packages": {
    "": {
      "devDependencies": {
        "lightningcss": "^1.21.5",
        "lightningcss-cli": "^1.21.5"
      }
    },
    "node_modules/detect-libc": {
      "version": "1.0.3",
      "resolved": "https://registry.npmjs.org/detect-libc/-/detect-libc-1.0.3.tgz",
      "integrity": "sha512-pGjwhsmsp4kL2RTz08wcOlGN83otlqHeD/Z5T8GXZB+/YcpQ/dgo+lbU8ZsGxV0HIvqqxo9l7mqYwyYMD9bKDg==",
      "dev": true,
      "bin": {
        "detect-libc": "bin/detect-libc.js"
      },
      "engines": {
        "node": ">=0.10"
      }
    },
    "node_modules/lightningcss": {
      "version": "1.21.5",
      "resolved": "https://registry.npmjs.org/lightningcss/-/lightningcss-1.21.5.tgz",
      "integrity": "sha512-/pEUPeih2EwIx9n4T82aOG6CInN83tl/mWlw6B5gWLf36UplQi1L+5p3FUHsdt4fXVfOkkh9KIaM3owoq7ss8A==",
      "dev": true,
      "dependencies": {
        "detect-libc": "^1.0.3"
      },
      "engines": {
        "node": ">= 12.0.0"
      },
      "funding": {
        "type": "opencollective",
        "url": "https://opencollective.com/parcel"
      },
      "optionalDependencies": {
        "lightningcss-darwin-arm64": "1.21.5",
        "lightningcss-darwin-x64": "1.21.5",
        "lightningcss-linux-arm-gnueabihf": "1.21.5",
        "lightningcss-linux-arm64-gnu": "1.21.5",
        "lightningcss-linux-arm64-musl": "1.21.5",
        "lightningcss-linux-x64-gnu": "1.21.5",
        "lightningcss-linux-x64-musl": "1.21.5",
        "lightningcss-win32-x64-msvc": "1.21.5"
      }
    },
    "node_modules/lightningcss-cli": {
      "version": "1.21.5",
      "resolved": "https://registry.npmjs.org/lightningcss-cli/-/lightningcss-cli-1.21.5.tgz",
      "integrity": "sha512-/svVW9fu8asR5bjyLcpogjUbD5be/R2CJaqvkjkBxUlOOqmOUWozqE+HLeghMccw+2j3iJPybQ7PENyvpDZafQ==",
      "dev": true,
      "hasInstallScript": true,
      "dependencies": {
        "detect-libc": "^1.0.3"
      },
      "bin": {
        "lightningcss": "lightningcss"
      },
      "engines": {
        "node": ">= 12.0.0"
      },
      "funding": {
        "type": "opencollective",
        "url": "https://opencollective.com/parcel"
      },
      "optionalDependencies": {
        "lightningcss-cli-darwin-arm64": "1.21.5",
        "lightningcss-cli-darwin-x64": "1.21.5",
        "lightningcss-cli-linux-arm-gnueabihf": "1.21.5",
        "lightningcss-cli-linux-arm64-gnu": "1.21.5",
        "lightningcss-cli-linux-arm64-musl": "1.21.5",
        "lightningcss-cli-linux-x64-gnu": "1.21.5",
        "lightningcss-cli-linux-x64-musl": "1.21.5",
        "lightningcss-cli-win32-x64-msvc": "1.21.5"
      }
    },
    "node_modules/lightningcss-cli-darwin-arm64": {
      "version": "1.21.5",
      "resolved": "https://registry.npmjs.org/lightningcss-cli-darwin-arm64/-/lightningcss-cli-darwin-arm64-1.21.5.tgz",
      "integrity": "sha512-ut8Ulw+gStxmgw3GXJ4LabapuyYT+oR+y8XudIvcxpEmmkh0lfrE+ZJLHXlt0HRCplaADtPgmn12CVIwaNiPQw==",
      "cpu": [
        "arm64"
      ],
      "dev": true,
      "optional": true,
      "os": [
        "darwin"
      ],
      "engines": {
        "node": ">= 12.0.0"
      },
      "funding": {
        "type": "opencollective",
        "url": "https://opencollective.com/parcel"
      }
    },
    "node_modules/lightningcss-cli-darwin-x64": {
      "version": "1.21.5",
      "resolved": "https://registry.npmjs.org/lightningcss-cli-darwin-x64/-/lightningcss-cli-darwin-x64-1.21.5.tgz",
      "integrity": "sha512-da/YojCmfHV3FkPt0APyAVOEUsXDgfKTYGG+XmREOfZZeFs1GEVcJpIR+LrGtUDvzlZBsU+uAFcEeyI24kNdIg==",
      "cpu": [
        "x64"
      ],
      "dev": true,
      "optional": true,
      "os": [
        "darwin"
      ],
      "engines": {
        "node": ">= 12.0.0"
      },
      "funding": {
        "type": "opencollective",
        "url": "https://opencollective.com/parcel"
      }
    },
    "node_modules/lightningcss-cli-linux-arm-gnueabihf": {
      "version": "1.21.5",
      "resolved": "https://registry.npmjs.org/lightningcss-cli-linux-arm-gnueabihf/-/lightningcss-cli-linux-arm-gnueabihf-1.21.5.tgz",
      "integrity": "sha512-8tmP49QKz1qlt+EyYdQYbvr/nYVcWQdZxk17wVcZP8zE3Y8pT7pHRMediianK/w1KPUWKxL+67Ga37iIKEeQ3g==",
      "cpu": [
        "arm"
      ],
      "dev": true,
      "optional": true,
      "os": [
        "linux"
      ],
      "engines": {
        "node": ">= 12.0.0"
      },
      "funding": {
        "type": "opencollective",
        "url": "https://opencollective.com/parcel"
      }
    },
    "node_modules/lightningcss-cli-linux-arm64-gnu": {
      "version": "1.21.5",
      "resolved": "https://registry.npmjs.org/lightningcss-cli-linux-arm64-gnu/-/lightningcss-cli-linux-arm64-gnu-1.21.5.tgz",
      "integrity": "sha512-+6Rh4XV3HgXhbQcG/2uH+ojY63e7vZ1waP+AP5OEMOp0Jl1o9FknaDve+jy81yCi15HlTUtYsf6iSvuI0vCxXA==",
      "cpu": [
        "arm64"
      ],
      "dev": true,
      "optional": true,
      "os": [
        "linux"
      ],
      "engines": {
        "node": ">= 12.0.0"
      },
      "funding": {
        "type": "opencollective",
        "url": "https://opencollective.com/parcel"
      }
    },
    "node_modules/lightningcss-cli-linux-arm64-musl": {
      "version": "1.21.5",
      "resolved": "https://registry.npmjs.org/lightningcss-cli-linux-arm64-musl/-/lightningcss-cli-linux-arm64-musl-1.21.5.tgz",
      "integrity": "sha512-dsLn3iZUr4qe9BCdDLlCpRchtM0YAc9YeXiZJLdXNXW9gECDCA74FxcbvGN4in/SW39zv6wRA0T90X4nQmBYJw==",
      "cpu": [
        "arm64"
      ],
      "dev": true,
      "optional": true,
      "os": [
        "linux"
      ],
      "engines": {
        "node": ">= 12.0.0"
      },
      "funding": {
        "type": "opencollective",
        "url": "https://opencollective.com/parcel"
      }
    },
    "node_modules/lightningcss-cli-linux-x64-gnu": {
      "version": "1.21.5",
      "resolved": "https://registry.npmjs.org/lightningcss-cli-linux-x64-gnu/-/lightningcss-cli-linux-x64-gnu-1.21.5.tgz",
      "integrity": "sha512-baytCG/pMsa02Zhzki09BiwYeYD8AwDL2MxSpmMUK3UdGraNMAUKaHV/5mxoEjAbH6WPz9ATIyCr9W8X3Gkjeg==",
      "cpu": [
        "x64"
      ],
      "dev": true,
      "optional": true,
      "os": [
        "linux"
      ],
      "engines": {
        "node": ">= 12.0.0"
      },
      "funding": {
        "type": "opencollective",
        "url": "https://opencollective.com/parcel"
      }
    },
    "node_modules/lightningcss-cli-linux-x64-musl": {
      "version": "1.21.5",
      "resolved": "https://registry.npmjs.org/lightningcss-cli-linux-x64-musl/-/lightningcss-cli-linux-x64-musl-1.21.5.tgz",
      "integrity": "sha512-Fp47eHT/zNuw+Vo6cMQyDNNXUkU7vu445dnYmabeS4HufKUX/8a4gviZXon4qX/uiyTpL/v9yxmt44FFwk12UQ==",
      "cpu": [
        "x64"
      ],
      "dev": true,
      "optional": true,
      "os": [
        "linux"
      ],
      "engines": {
        "node": ">= 12.0.0"
      },
      "funding": {
        "type": "opencollective",
        "url": "https://opencollective.com/parcel"
      }
    },
    "node_modules/lightningcss-cli-win32-x64-msvc": {
      "version": "1.21.5",
      "resolved": "https://registry.npmjs.org/lightningcss-cli-win32-x64-msvc/-/lightningcss-cli-win32-x64-msvc-1.21.5.tgz",
      "integrity": "sha512-KCMIbe41Php9cCMTF4sbu7esheB1mTDozfaFPQXk33VJVvTwvBEPQr8me38YW18G4vq1BSUX3vJjLwQatEqsvQ==",
      "cpu": [
        "x64"
      ],
      "dev": true,
      "optional": true,
      "os": [
        "win32"
      ],
      "engines": {
        "node": ">= 12.0.0"
      },
      "funding": {
        "type": "opencollective",
        "url": "https://opencollective.com/parcel"
      }
    },
    "node_modules/lightningcss-darwin-arm64": {
      "version": "1.21.5",
      "resolved": "https://registry.npmjs.org/lightningcss-darwin-arm64/-/lightningcss-darwin-arm64-1.21.5.tgz",
      "integrity": "sha512-z05hyLX85WY0UfhkFUOrWEFqD69lpVAmgl3aDzMKlIZJGygbhbegqb4PV8qfUrKKNBauut/qVNPKZglhTaDDxA==",
      "cpu": [
        "arm64"
      ],
      "dev": true,
      "optional": true,
      "os": [
        "darwin"
      ],
      "engines": {
        "node": ">= 12.0.0"
      },
      "funding": {
        "type": "opencollective",
        "url": "https://opencollective.com/parcel"
      }
    },
    "node_modules/lightningcss-darwin-x64": {
      "version": "1.21.5",
      "resolved": "https://registry.npmjs.org/lightningcss-darwin-x64/-/lightningcss-darwin-x64-1.21.5.tgz",
      "integrity": "sha512-MSJhmej/U9MrdPxDk7+FWhO8+UqVoZUHG4VvKT5RQ4RJtqtANTiWiI97LvoVNMtdMnHaKs1Pkji6wHUFxjJsHQ==",
      "cpu": [
        "x64"
      ],
      "dev": true,
      "optional": true,
      "os": [
        "darwin"
      ],
      "engines": {
        "node": ">= 12.0.0"
      },
      "funding": {
        "type": "opencollective",
        "url": "https://opencollective.com/parcel"
      }
    },
    "node_modules/lightningcss-linux-arm-gnueabihf": {
      "version": "1.21.5",
      "resolved": "https://registry.npmjs.org/lightningcss-linux-arm-gnueabihf/-/lightningcss-linux-arm-gnueabihf-1.21.5.tgz",
      "integrity": "sha512-xN6+5/JsMrbZHL1lPl+MiNJ3Xza12ueBKPepiyDCFQzlhFRTj7D0LG+cfNTzPBTO8KcYQynLpl1iBB8LGp3Xtw==",
      "cpu": [
        "arm"
      ],
      "dev": true,
      "optional": true,
      "os": [
        "linux"
      ],
      "engines": {
        "node": ">= 12.0.0"
      },
      "funding": {
        "type": "opencollective",
        "url": "https://opencollective.com/parcel"
      }
    },
    "node_modules/lightningcss-linux-arm64-gnu": {
      "version": "1.21.5",
      "resolved": "https://registry.npmjs.org/lightningcss-linux-arm64-gnu/-/lightningcss-linux-arm64-gnu-1.21.5.tgz",
      "integrity": "sha512-KfzFNhC4XTbmG3ma/xcTs/IhCwieW89XALIusKmnV0N618ZDXEB0XjWOYQRCXeK9mfqPdbTBpurEHV/XZtkniQ==",
      "cpu": [
        "arm64"
      ],
      "dev": true,
      "optional": true,
      "os": [
        "linux"
      ],
      "engines": {
        "node": ">= 12.0.0"
      },
      "funding": {
        "type": "opencollective",
        "url": "https://opencollective.com/parcel"
      }
    },
    "node_modules/lightningcss-linux-arm64-musl": {
      "version": "1.21.5",
      "resolved": "https://registry.npmjs.org/lightningcss-linux-arm64-musl/-/lightningcss-linux-arm64-musl-1.21.5.tgz",
      "integrity": "sha512-bc0GytQO5Mn9QM6szaZ+31fQHNdidgpM1sSCwzPItz8hg3wOvKl8039rU0veMJV3ZgC9z0ypNRceLrSHeRHmXw==",
      "cpu": [
        "arm64"
      ],
      "dev": true,
      "optional": true,
      "os": [
        "linux"
      ],
      "engines": {
        "node": ">= 12.0.0"
      },
      "funding": {
        "type": "opencollective",
        "url": "https://opencollective.com/parcel"
      }
    },
    "node_modules/lightningcss-linux-x64-gnu": {
      "version": "1.21.5",
      "resolved": "https://registry.npmjs.org/lightningcss-linux-x64-gnu/-/lightningcss-linux-x64-gnu-1.21.5.tgz",
      "integrity": "sha512-JwMbgypPQgc2kW2av3OwzZ8cbrEuIiDiXPJdXRE6aVxu67yHauJawQLqJKTGUhiAhy6iLDG8Wg0a3/ziL+m+Kw==",
      "cpu": [
        "x64"
      ],
      "dev": true,
      "optional": true,
      "os": [
        "linux"
      ],
      "engines": {
        "node": ">= 12.0.0"
      },
      "funding": {
        "type": "opencollective",
        "url": "https://opencollective.com/parcel"
      }
    },
    "node_modules/lightningcss-linux-x64-musl": {
      "version": "1.21.5",
      "resolved": "https://registry.npmjs.org/lightningcss-linux-x64-musl/-/lightningcss-linux-x64-musl-1.21.5.tgz",
      "integrity": "sha512-Ib8b6IQ/OR/VrPU6YBgy4T3QnuHY7DUa95O+nz+cwrTkMSN6fuHcTcIaz4t8TJ6HI5pl3uxUOZjmtls2pyQWow==",
      "cpu": [
        "x64"
      ],
      "dev": true,
      "optional": true,
      "os": [
        "linux"
      ],
      "engines": {
        "node": ">= 12.0.0"
      },
      "funding": {
        "type": "opencollective",
        "url": "https://opencollective.com/parcel"
      }
    },
    "node_modules/lightningcss-win32-x64-msvc": {
      "version": "1.21.5",
      "resolved": "https://registry.npmjs.org/lightningcss-win32-x64-msvc/-/lightningcss-win32-x64-msvc-1.21.5.tgz",
      "integrity": "sha512-A8cSi8lUpBeVmoF+DqqW7cd0FemDbCuKr490IXdjyeI+KL8adpSKUs8tcqO0OXPh1EoDqK7JNkD/dELmd4Iz5g==",
      "cpu": [
        "x64"
      ],
      "dev": true,
      "optional": true,
      "os": [
        "win32"
      ],
      "engines": {
        "node": ">= 12.0.0"
      },
      "funding": {
        "type": "opencollective",
        "url": "https://opencollective.com/parcel"
      }
    }
  }
}
